github.com/Konstantin8105/binaryexpr v0.1.0 h1:2+mmmCRpZ6BDHyaLRAePjGiVp/Hgt7T7z75aRF5CpYM=
github.com/Konstantin8105/binaryexpr v0.1.0/go.mod h1:prPPFcv/zGCwhx78QW299JwMKP4xSkldgOwhZNr99GQ=
github.com/Konstantin8105/compare v0.0.0-20230404132328-f605c0d757de h1:0nMcmCvcjJke50WgghlksdphJTcTLghcel+O2ElX68w=
github.com/Konstantin8105/compare v0.0.0-20230404132328-f605c0d757de/go.mod h1:XGSFdvzoOETquMtKC1+e/pjbwq7a2Gp1vv4G2HJxRPA=
github.com/Konstantin8105/cs v0.0.0-20190517091010-c069cc1cee1b h1:IZkvBy8TJTxpPHjOW1R5KqIgVF2lVk8isx9iQBHnOnw=
github.com/Konstantin8105/cs v0.0.0-20190517091010-c069cc1cee1b/go.mod h1:NquwK4RWQZiMO4cVCacCuMklZ+bPxxHSR8h8Qc51EPk=
github.com/Konstantin8105/errors v0.0.0-20190517083224-0667bfd7a9ac/go.mod h1:7wvBaOU91dxvleBlg9MPy3B1DFY/JKnWeLTzPQKkRwE=
github.com/Konstantin8105/errors v0.1.0 h1:YlF98T37IPvBGzxbj6AhXrY4VdoFfW60KEibUOtOpkg=
github.com/Konstantin8105/errors v0.1.0/go.mod h1:cKK/HtcfxJFe1RvnGzhWl8jcZpnTqZjKwvMBUrLsis4=
github.com/Konstantin8105/pow v0.1.0 h1:1FBuKD4UEXKRsP0snDUGqbok5LcwYPUbq5ClVOW++cE=
github.com/Konstantin8105/pow v0.1.0/go.mod h1:4Xe+OUZ7jwe74BFzgLepZw57cSFWba1/o6gTk53RBdI=
github.com/Konstantin8105/tree v0.0.0-20190515202740-8a8e3df34a3b/go.mod h1:iuUpRQi7E+GDKbY/a5HBliYk4j+cW1Nmv1hXoCSwuVU=
github.com/Konstantin8105/tree v0.1.0 h1:4zHm0vfnQCNlXqv4I00R5LoXz8HEeWk7BwvNgjnl6Sg=
github.com/Konstantin8105/tree v0.1.0/go.mod h1:/KrCn6rMgf1uoXUY2HjVvML1LeLUULD1BDiHWJhJwII=
